<?xml version="1.0" encoding="utf-8"?>
<Project ToolsVersion="16.0" xmlns="http://schemas.microsoft.com/developer/msbuild/2003">
  <ItemGroup>
    <ClCompile Include="F:\wheel-ctn\src\ctn.cc">
      <Filter>Source Files</Filter>
    </ClCompile>
    <ClCompile Include="F:\wheel-ctn\src\main.cc">
      <Filter>Source Files</Filter>
    </ClCompile>
    <ClCompile Include="F:\wheel-ctn\src\utils.cc">
      <Filter>Source Files</Filter>
    </ClCompile>
  </ItemGroup>
  <ItemGroup>
    <CustomBuild Include="F:\wheel-ctn\src\CMakeLists.txt" />
  </ItemGroup>
  <ItemGroup>
    <Filter Include="Source Files">
      <UniqueIdentifier>{CBBC65F3-67D7-3FD2-8ED3-BF74DDA02B16}</UniqueIdentifier>
    </Filter>
  </ItemGroup>
</Project>
